
Microsoft Visual Studio Solution File, Format Version 12.00
Project("{FAE04EC0-301F-11D3-BF4B-00C04F79EFBC}") = "Day1Task1", "src\Day1Task1\Day1Task1.csproj", "{A00FF976-A832-41A0-AD40-9CA28F644532}"
EndProject
Project("{2150E333-8FDC-42A3-9474-1A3956D46DE8}") = "Day1", "Day1", "{6048B39D-45FC-4DFA-A56C-E83268B55BC8}"
EndProject
Project("{2150E333-8FDC-42A3-9474-1A3956D46DE8}") = "Day2", "Day2", "{C53FE708-7E77-4267-870B-0A4E72E22CDC}"
EndProject
Project("{FAE04EC0-301F-11D3-BF4B-00C04F79EFBC}") = "Day1Task2", "src\Day1Task2\Day1Task2.csproj", "{CC2F88C5-EFE2-459C-804B-78B1ED114C01}"
EndProject
Project("{FAE04EC0-301F-11D3-BF4B-00C04F79EFBC}") = "Day2Task1", "src\Day2Task1\Day2Task1.csproj", "{1B81B66B-A969-4B53-BF43-B42EE8E58CAD}"
EndProject
Project("{FAE04EC0-301F-11D3-BF4B-00C04F79EFBC}") = "Day2Task2", "src\Day2Task2\Day2Task2.csproj", "{3D21B09C-D660-44FC-9F19-B9F1AC912D5B}"
EndProject
Global
	GlobalSection(SolutionConfigurationPlatforms) = preSolution
		Debug|Any CPU = Debug|Any CPU
		Release|Any CPU = Release|Any CPU
	EndGlobalSection
	GlobalSection(ProjectConfigurationPlatforms) = postSolution
		{A00FF976-A832-41A0-AD40-9CA28F644532}.Debug|Any CPU.ActiveCfg = Debug|Any CPU
		{A00FF976-A832-41A0-AD40-9CA28F644532}.Debug|Any CPU.Build.0 = Debug|Any CPU
		{A00FF976-A832-41A0-AD40-9CA28F644532}.Release|Any CPU.ActiveCfg = Release|Any CPU
		{A00FF976-A832-41A0-AD40-9CA28F644532}.Release|Any CPU.Build.0 = Release|Any CPU
		{CC2F88C5-EFE2-459C-804B-78B1ED114C01}.Debug|Any CPU.ActiveCfg = Debug|Any CPU
		{CC2F88C5-EFE2-459C-804B-78B1ED114C01}.Debug|Any CPU.Build.0 = Debug|Any CPU
		{CC2F88C5-EFE2-459C-804B-78B1ED114C01}.Release|Any CPU.ActiveCfg = Release|Any CPU
		{CC2F88C5-EFE2-459C-804B-78B1ED114C01}.Release|Any CPU.Build.0 = Release|Any CPU
		{1B81B66B-A969-4B53-BF43-B42EE8E58CAD}.Debug|Any CPU.ActiveCfg = Debug|Any CPU
		{1B81B66B-A969-4B53-BF43-B42EE8E58CAD}.Debug|Any CPU.Build.0 = Debug|Any CPU
		{1B81B66B-A969-4B53-BF43-B42EE8E58CAD}.Release|Any CPU.ActiveCfg = Release|Any CPU
		{1B81B66B-A969-4B53-BF43-B42EE8E58CAD}.Release|Any CPU.Build.0 = Release|Any CPU
		{3D21B09C-D660-44FC-9F19-B9F1AC912D5B}.Debug|Any CPU.ActiveCfg = Debug|Any CPU
		{3D21B09C-D660-44FC-9F19-B9F1AC912D5B}.Debug|Any CPU.Build.0 = Debug|Any CPU
		{3D21B09C-D660-44FC-9F19-B9F1AC912D5B}.Release|Any CPU.ActiveCfg = Release|Any CPU
		{3D21B09C-D660-44FC-9F19-B9F1AC912D5B}.Release|Any CPU.Build.0 = Release|Any CPU
	EndGlobalSection
	GlobalSection(NestedProjects) = preSolution
		{A00FF976-A832-41A0-AD40-9CA28F644532} = {6048B39D-45FC-4DFA-A56C-E83268B55BC8}
		{CC2F88C5-EFE2-459C-804B-78B1ED114C01} = {6048B39D-45FC-4DFA-A56C-E83268B55BC8}
		{1B81B66B-A969-4B53-BF43-B42EE8E58CAD} = {C53FE708-7E77-4267-870B-0A4E72E22CDC}
		{3D21B09C-D660-44FC-9F19-B9F1AC912D5B} = {C53FE708-7E77-4267-870B-0A4E72E22CDC}
	EndGlobalSection
EndGlobal
