
Microsoft Visual Studio Solution File, Format Version 12.00
Project("{FAE04EC0-301F-11D3-BF4B-00C04F79EFBC}") = "Day1Task1", "src\Day1Task1\Day1Task1.csproj", "{A00FF976-A832-41A0-AD40-9CA28F644532}"
EndProject
Project("{2150E333-8FDC-42A3-9474-1A3956D46DE8}") = "Day1", "Day1", "{6048B39D-45FC-4DFA-A56C-E83268B55BC8}"
EndProject
Project("{2150E333-8FDC-42A3-9474-1A3956D46DE8}") = "Day2", "Day2", "{C53FE708-7E77-4267-870B-0A4E72E22CDC}"
EndProject
Project("{FAE04EC0-301F-11D3-BF4B-00C04F79EFBC}") = "Day1Task2", "src\Day1Task2\Day1Task2.csproj", "{CC2F88C5-EFE2-459C-804B-78B1ED114C01}"
EndProject
Project("{FAE04EC0-301F-11D3-BF4B-00C04F79EFBC}") = "Day2Task1", "src\Day2Task1\Day2Task1.csproj", "{1B81B66B-A969-4B53-BF43-B42EE8E58CAD}"
EndProject
Project("{FAE04EC0-301F-11D3-BF4B-00C04F79EFBC}") = "Day2Task2", "src\Day2Task2\Day2Task2.csproj", "{3D21B09C-D660-44FC-9F19-B9F1AC912D5B}"
EndProject
Project("{2150E333-8FDC-42A3-9474-1A3956D46DE8}") = "Day3", "Day3", "{93DAF009-0649-4BE2-B236-0907430C6FF4}"
EndProject
Project("{FAE04EC0-301F-11D3-BF4B-00C04F79EFBC}") = "Day3Task1", "src\Day3Task1\Day3Task1.csproj", "{8A32C714-37DC-42D1-92E5-8F9AFFABD426}"
EndProject
Project("{FAE04EC0-301F-11D3-BF4B-00C04F79EFBC}") = "Day3Task2", "src\Day3Task2\Day3Task2.csproj", "{68ABC3A1-2581-43AB-B2BD-4410372686FE}"
EndProject
Project("{2150E333-8FDC-42A3-9474-1A3956D46DE8}") = "Day4", "Day4", "{56EAD3CA-4F66-4655-8C7C-7B565D033DCA}"
EndProject
Project("{FAE04EC0-301F-11D3-BF4B-00C04F79EFBC}") = "Day4Task1", "src\Day4Task1\Day4Task1.csproj", "{E7073B19-6529-44D1-B761-FF3C41AC03D0}"
EndProject
Project("{FAE04EC0-301F-11D3-BF4B-00C04F79EFBC}") = "Day4Task2", "src\Day4Task2\Day4Task2.csproj", "{904E566B-64E3-42C5-89E8-C7FC3085FDE7}"
EndProject
Global
	GlobalSection(SolutionConfigurationPlatforms) = preSolution
		Debug|Any CPU = Debug|Any CPU
		Release|Any CPU = Release|Any CPU
	EndGlobalSection
	GlobalSection(ProjectConfigurationPlatforms) = postSolution
		{A00FF976-A832-41A0-AD40-9CA28F644532}.Debug|Any CPU.ActiveCfg = Debug|Any CPU
		{A00FF976-A832-41A0-AD40-9CA28F644532}.Debug|Any CPU.Build.0 = Debug|Any CPU
		{A00FF976-A832-41A0-AD40-9CA28F644532}.Release|Any CPU.ActiveCfg = Release|Any CPU
		{A00FF976-A832-41A0-AD40-9CA28F644532}.Release|Any CPU.Build.0 = Release|Any CPU
		{CC2F88C5-EFE2-459C-804B-78B1ED114C01}.Debug|Any CPU.ActiveCfg = Debug|Any CPU
		{CC2F88C5-EFE2-459C-804B-78B1ED114C01}.Debug|Any CPU.Build.0 = Debug|Any CPU
		{CC2F88C5-EFE2-459C-804B-78B1ED114C01}.Release|Any CPU.ActiveCfg = Release|Any CPU
		{CC2F88C5-EFE2-459C-804B-78B1ED114C01}.Release|Any CPU.Build.0 = Release|Any CPU
		{1B81B66B-A969-4B53-BF43-B42EE8E58CAD}.Debug|Any CPU.ActiveCfg = Debug|Any CPU
		{1B81B66B-A969-4B53-BF43-B42EE8E58CAD}.Debug|Any CPU.Build.0 = Debug|Any CPU
		{1B81B66B-A969-4B53-BF43-B42EE8E58CAD}.Release|Any CPU.ActiveCfg = Release|Any CPU
		{1B81B66B-A969-4B53-BF43-B42EE8E58CAD}.Release|Any CPU.Build.0 = Release|Any CPU
		{3D21B09C-D660-44FC-9F19-B9F1AC912D5B}.Debug|Any CPU.ActiveCfg = Debug|Any CPU
		{3D21B09C-D660-44FC-9F19-B9F1AC912D5B}.Debug|Any CPU.Build.0 = Debug|Any CPU
		{3D21B09C-D660-44FC-9F19-B9F1AC912D5B}.Release|Any CPU.ActiveCfg = Release|Any CPU
		{3D21B09C-D660-44FC-9F19-B9F1AC912D5B}.Release|Any CPU.Build.0 = Release|Any CPU
		{8A32C714-37DC-42D1-92E5-8F9AFFABD426}.Debug|Any CPU.ActiveCfg = Debug|Any CPU
		{8A32C714-37DC-42D1-92E5-8F9AFFABD426}.Debug|Any CPU.Build.0 = Debug|Any CPU
		{8A32C714-37DC-42D1-92E5-8F9AFFABD426}.Release|Any CPU.ActiveCfg = Release|Any CPU
		{8A32C714-37DC-42D1-92E5-8F9AFFABD426}.Release|Any CPU.Build.0 = Release|Any CPU
		{68ABC3A1-2581-43AB-B2BD-4410372686FE}.Debug|Any CPU.ActiveCfg = Debug|Any CPU
		{68ABC3A1-2581-43AB-B2BD-4410372686FE}.Debug|Any CPU.Build.0 = Debug|Any CPU
		{68ABC3A1-2581-43AB-B2BD-4410372686FE}.Release|Any CPU.ActiveCfg = Release|Any CPU
		{68ABC3A1-2581-43AB-B2BD-4410372686FE}.Release|Any CPU.Build.0 = Release|Any CPU
		{E7073B19-6529-44D1-B761-FF3C41AC03D0}.Debug|Any CPU.ActiveCfg = Debug|Any CPU
		{E7073B19-6529-44D1-B761-FF3C41AC03D0}.Debug|Any CPU.Build.0 = Debug|Any CPU
		{E7073B19-6529-44D1-B761-FF3C41AC03D0}.Release|Any CPU.ActiveCfg = Release|Any CPU
		{E7073B19-6529-44D1-B761-FF3C41AC03D0}.Release|Any CPU.Build.0 = Release|Any CPU
		{904E566B-64E3-42C5-89E8-C7FC3085FDE7}.Debug|Any CPU.ActiveCfg = Debug|Any CPU
		{904E566B-64E3-42C5-89E8-C7FC3085FDE7}.Debug|Any CPU.Build.0 = Debug|Any CPU
		{904E566B-64E3-42C5-89E8-C7FC3085FDE7}.Release|Any CPU.ActiveCfg = Release|Any CPU
		{904E566B-64E3-42C5-89E8-C7FC3085FDE7}.Release|Any CPU.Build.0 = Release|Any CPU
	EndGlobalSection
	GlobalSection(NestedProjects) = preSolution
		{A00FF976-A832-41A0-AD40-9CA28F644532} = {6048B39D-45FC-4DFA-A56C-E83268B55BC8}
		{CC2F88C5-EFE2-459C-804B-78B1ED114C01} = {6048B39D-45FC-4DFA-A56C-E83268B55BC8}
		{1B81B66B-A969-4B53-BF43-B42EE8E58CAD} = {C53FE708-7E77-4267-870B-0A4E72E22CDC}
		{3D21B09C-D660-44FC-9F19-B9F1AC912D5B} = {C53FE708-7E77-4267-870B-0A4E72E22CDC}
		{8A32C714-37DC-42D1-92E5-8F9AFFABD426} = {93DAF009-0649-4BE2-B236-0907430C6FF4}
		{68ABC3A1-2581-43AB-B2BD-4410372686FE} = {93DAF009-0649-4BE2-B236-0907430C6FF4}
		{E7073B19-6529-44D1-B761-FF3C41AC03D0} = {56EAD3CA-4F66-4655-8C7C-7B565D033DCA}
		{904E566B-64E3-42C5-89E8-C7FC3085FDE7} = {56EAD3CA-4F66-4655-8C7C-7B565D033DCA}
	EndGlobalSection
EndGlobal
